
Microsoft Visual Studio Solution File, Format Version 12.00
# Visual Studio Version 16
VisualStudioVersion = 16.0.29709.97
MinimumVisualStudioVersion = 10.0.40219.1
Project("{FAE04EC0-301F-11D3-BF4B-00C04F79EFBC}") = "A Learning Demo", "A Learning Demo.csproj", "{AFFEEDDA-CD84-4730-9FE1-355105BDA6F1}"
EndProject
Global
	GlobalSection(SolutionConfigurationPlatforms) = preSolution
		Debug|Any CPU = Debug|Any CPU
		Release|Any CPU = Release|Any CPU
	EndGlobalSection
	GlobalSection(ProjectConfigurationPlatforms) = postSolution
		{AFFEEDDA-CD84-4730-9FE1-355105BDA6F1}.Debug|Any CPU.ActiveCfg = Debug|Any CPU
		{AFFEEDDA-CD84-4730-9FE1-355105BDA6F1}.Debug|Any CPU.Build.0 = Debug|Any CPU
		{AFFEEDDA-CD84-4730-9FE1-355105BDA6F1}.Release|Any CPU.ActiveCfg = Release|Any CPU
		{AFFEEDDA-CD84-4730-9FE1-355105BDA6F1}.Release|Any CPU.Build.0 = Release|Any CPU
	EndGlobalSection
	GlobalSection(SolutionProperties) = preSolution
		HideSolutionNode = FALSE
	EndGlobalSection
	GlobalSection(ExtensibilityGlobals) = postSolution
		SolutionGuid = {DF4CEAA1-3022-43FA-B403-18BD21A6CBB3}
	EndGlobalSection
EndGlobal
